{
  "name": "astrahack",
  "version": "0.1.0",
  "lockfileVersion": 3,
  "requires": true,
  "packages": {
    "": {
      "name": "astrahack",
      "version": "0.1.0",
      "bin": {
        "astrahack": "bin/astrahack.js",
        "astrahack-qa": "bin/qa.js"
      },
      "engines": {
        "node": ">=22.9"
      }
    }
  }
}
